
Microsoft Visual Studio Solution File, Format Version 12.00
# Visual Studio Version 17
VisualStudioVersion = 17.3.32825.248
MinimumVisualStudioVersion = 10.0.40219.1
Project("{9A19103F-16F7-4668-BE54-9A1E7A4F7556}") = "University", "University.csproj", "{77BFE847-6DE6-4840-87AE-529935E1132A}"
EndProject
Global
	GlobalSection(SolutionConfigurationPlatforms) = preSolution
		Debug|Any CPU = Debug|Any CPU
		Release|Any CPU = Release|Any CPU
	EndGlobalSection
	GlobalSection(ProjectConfigurationPlatforms) = postSolution
		{77BFE847-6DE6-4840-87AE-529935E1132A}.Debug|Any CPU.ActiveCfg = Debug|Any CPU
		{77BFE847-6DE6-4840-87AE-529935E1132A}.Debug|Any CPU.Build.0 = Debug|Any CPU
		{77BFE847-6DE6-4840-87AE-529935E1132A}.Release|Any CPU.ActiveCfg = Release|Any CPU
		{77BFE847-6DE6-4840-87AE-529935E1132A}.Release|Any CPU.Build.0 = Release|Any CPU
	EndGlobalSection
	GlobalSection(SolutionProperties) = preSolution
		HideSolutionNode = FALSE
	EndGlobalSection
	GlobalSection(ExtensibilityGlobals) = postSolution
		SolutionGuid = {DDBA929B-D830-4E91-BA58-CAB6BB9A07E5}
	EndGlobalSection
EndGlobal
